build==1.2.2.post1
coverage[toml]==7.15.2
cyclonedx-bom==7.3.0
hypothesis==6.112.2
jsonschema==4.23.0
mypy==1.11.2
openpyxl==3.1.5
pdfminer.six==20260107
pdfplumber==0.11.10
pip-audit==2.10.1
pip-licenses==5.5.5
pydantic==2.9.2
pypdf==6.14.2
pytest==9.1.1
pytest-cov==7.1.0
pytest-timeout==2.4.0
python-dateutil==2.9.0.post0
reportlab==4.2.2
ruff==0.6.8
typing-extensions==4.12.2
types-jsonschema==4.23.0.20240813
types-openpyxl==3.1.5.20250919
types-python-dateutil==2.9.0.20240906
XlsxWriter==3.2.0
